
Microsoft Visual Studio Solution File, Format Version 12.00
Project("{FAE04EC0-301F-11D3-BF4B-00C04F79EFBC}") = "Day1", "Day1\Day1.csproj", "{BF1EE65E-101C-49D6-A9FD-53E26C0F41BB}"
EndProject
Project("{FAE04EC0-301F-11D3-BF4B-00C04F79EFBC}") = "Day2", "Day2\Day2.csproj", "{838E27EC-84B9-4E0A-8339-543FC2AF528C}"
EndProject
Project("{FAE04EC0-301F-11D3-BF4B-00C04F79EFBC}") = "Commen", "Commen\Commen.csproj", "{989D8D4D-4576-4A04-A626-E50D95C3032B}"
EndProject
Project("{FAE04EC0-301F-11D3-BF4B-00C04F79EFBC}") = "Day3", "Day3\Day3.csproj", "{F51117A7-C430-4A67-BD3F-13B907EA203B}"
EndProject
Project("{FAE04EC0-301F-11D3-BF4B-00C04F79EFBC}") = "Day4", "Day4\Day4.csproj", "{54D062BA-E147-4628-828C-ECC8BD768595}"
EndProject
Project("{FAE04EC0-301F-11D3-BF4B-00C04F79EFBC}") = "Day5", "Day5\Day5.csproj", "{3877B323-CA25-4856-89F0-FBBE8E25F800}"
EndProject
Project("{FAE04EC0-301F-11D3-BF4B-00C04F79EFBC}") = "Day6", "Day6\Day6.csproj", "{97D1FF8A-C7F7-481C-B4A0-01BD35603869}"
EndProject
Global
	GlobalSection(SolutionConfigurationPlatforms) = preSolution
		Debug|Any CPU = Debug|Any CPU
		Release|Any CPU = Release|Any CPU
	EndGlobalSection
	GlobalSection(ProjectConfigurationPlatforms) = postSolution
		{BF1EE65E-101C-49D6-A9FD-53E26C0F41BB}.Debug|Any CPU.ActiveCfg = Debug|Any CPU
		{BF1EE65E-101C-49D6-A9FD-53E26C0F41BB}.Debug|Any CPU.Build.0 = Debug|Any CPU
		{BF1EE65E-101C-49D6-A9FD-53E26C0F41BB}.Release|Any CPU.ActiveCfg = Release|Any CPU
		{BF1EE65E-101C-49D6-A9FD-53E26C0F41BB}.Release|Any CPU.Build.0 = Release|Any CPU
		{838E27EC-84B9-4E0A-8339-543FC2AF528C}.Debug|Any CPU.ActiveCfg = Debug|Any CPU
		{838E27EC-84B9-4E0A-8339-543FC2AF528C}.Debug|Any CPU.Build.0 = Debug|Any CPU
		{838E27EC-84B9-4E0A-8339-543FC2AF528C}.Release|Any CPU.ActiveCfg = Release|Any CPU
		{838E27EC-84B9-4E0A-8339-543FC2AF528C}.Release|Any CPU.Build.0 = Release|Any CPU
		{989D8D4D-4576-4A04-A626-E50D95C3032B}.Debug|Any CPU.ActiveCfg = Debug|Any CPU
		{989D8D4D-4576-4A04-A626-E50D95C3032B}.Debug|Any CPU.Build.0 = Debug|Any CPU
		{989D8D4D-4576-4A04-A626-E50D95C3032B}.Release|Any CPU.ActiveCfg = Release|Any CPU
		{989D8D4D-4576-4A04-A626-E50D95C3032B}.Release|Any CPU.Build.0 = Release|Any CPU
		{F51117A7-C430-4A67-BD3F-13B907EA203B}.Debug|Any CPU.ActiveCfg = Debug|Any CPU
		{F51117A7-C430-4A67-BD3F-13B907EA203B}.Debug|Any CPU.Build.0 = Debug|Any CPU
		{F51117A7-C430-4A67-BD3F-13B907EA203B}.Release|Any CPU.ActiveCfg = Release|Any CPU
		{F51117A7-C430-4A67-BD3F-13B907EA203B}.Release|Any CPU.Build.0 = Release|Any CPU
		{54D062BA-E147-4628-828C-ECC8BD768595}.Debug|Any CPU.ActiveCfg = Debug|Any CPU
		{54D062BA-E147-4628-828C-ECC8BD768595}.Debug|Any CPU.Build.0 = Debug|Any CPU
		{54D062BA-E147-4628-828C-ECC8BD768595}.Release|Any CPU.ActiveCfg = Release|Any CPU
		{54D062BA-E147-4628-828C-ECC8BD768595}.Release|Any CPU.Build.0 = Release|Any CPU
		{3877B323-CA25-4856-89F0-FBBE8E25F800}.Debug|Any CPU.ActiveCfg = Debug|Any CPU
		{3877B323-CA25-4856-89F0-FBBE8E25F800}.Debug|Any CPU.Build.0 = Debug|Any CPU
		{3877B323-CA25-4856-89F0-FBBE8E25F800}.Release|Any CPU.ActiveCfg = Release|Any CPU
		{3877B323-CA25-4856-89F0-FBBE8E25F800}.Release|Any CPU.Build.0 = Release|Any CPU
		{97D1FF8A-C7F7-481C-B4A0-01BD35603869}.Debug|Any CPU.ActiveCfg = Debug|Any CPU
		{97D1FF8A-C7F7-481C-B4A0-01BD35603869}.Debug|Any CPU.Build.0 = Debug|Any CPU
		{97D1FF8A-C7F7-481C-B4A0-01BD35603869}.Release|Any CPU.ActiveCfg = Release|Any CPU
		{97D1FF8A-C7F7-481C-B4A0-01BD35603869}.Release|Any CPU.Build.0 = Release|Any CPU
	EndGlobalSection
EndGlobal
